
Microsoft Visual Studio Solution File, Format Version 12.00
# Visual Studio 15
VisualStudioVersion = 15.0.28307.1401
MinimumVisualStudioVersion = 10.0.40219.1
Project("{FAE04EC0-301F-11D3-BF4B-00C04F79EFBC}") = "BeautyApp", "BeautyApp\BeautyApp.csproj", "{4A3814A8-4206-41B4-B22E-C6A8B74BC86A}"
EndProject
Global
	GlobalSection(SolutionConfigurationPlatforms) = preSolution
		Debug|Any CPU = Debug|Any CPU
		Release|Any CPU = Release|Any CPU
	EndGlobalSection
	GlobalSection(ProjectConfigurationPlatforms) = postSolution
		{4A3814A8-4206-41B4-B22E-C6A8B74BC86A}.Debug|Any CPU.ActiveCfg = Debug|Any CPU
		{4A3814A8-4206-41B4-B22E-C6A8B74BC86A}.Debug|Any CPU.Build.0 = Debug|Any CPU
		{4A3814A8-4206-41B4-B22E-C6A8B74BC86A}.Release|Any CPU.ActiveCfg = Release|Any CPU
		{4A3814A8-4206-41B4-B22E-C6A8B74BC86A}.Release|Any CPU.Build.0 = Release|Any CPU
	EndGlobalSection
	GlobalSection(SolutionProperties) = preSolution
		HideSolutionNode = FALSE
	EndGlobalSection
	GlobalSection(ExtensibilityGlobals) = postSolution
		SolutionGuid = {53028D79-AEA7-47BD-B62D-F14DCD1ECB41}
	EndGlobalSection
EndGlobal
